
Microsoft Visual Studio Solution File, Format Version 12.00
# Visual Studio 2013
VisualStudioVersion = 12.0.40629.0
MinimumVisualStudioVersion = 10.0.40219.1
Project("{8BC9CEB8-8B4A-11D0-8D11-00A0C91BC942}") = "Framework", "Framework.vcxproj", "{36053D13-D871-49C8-B2EA-30EF0344A25C}"
EndProject
Project("{8BC9CEB8-8B4A-11D0-8D11-00A0C91BC942}") = "Test", "Test\Test.vcxproj", "{4BF56A4C-2A56-4726-9021-9D9A8837D2A9}"
EndProject
Project("{8BC9CEB8-8B4A-11D0-8D11-00A0C91BC942}") = "Controller", "..\Controller\Controller.vcxproj", "{C36C5D4D-77EC-486A-A06B-BA6A5FFD09F9}"
EndProject
Global
	GlobalSection(SolutionConfigurationPlatforms) = preSolution
		Debug|Win32 = Debug|Win32
		Release|Win32 = Release|Win32
	EndGlobalSection
	GlobalSection(ProjectConfigurationPlatforms) = postSolution
		{36053D13-D871-49C8-B2EA-30EF0344A25C}.Debug|Win32.ActiveCfg = Debug|Win32
		{36053D13-D871-49C8-B2EA-30EF0344A25C}.Debug|Win32.Build.0 = Debug|Win32
		{36053D13-D871-49C8-B2EA-30EF0344A25C}.Release|Win32.ActiveCfg = Release|Win32
		{36053D13-D871-49C8-B2EA-30EF0344A25C}.Release|Win32.Build.0 = Release|Win32
		{4BF56A4C-2A56-4726-9021-9D9A8837D2A9}.Debug|Win32.ActiveCfg = Debug|Win32
		{4BF56A4C-2A56-4726-9021-9D9A8837D2A9}.Debug|Win32.Build.0 = Debug|Win32
		{4BF56A4C-2A56-4726-9021-9D9A8837D2A9}.Release|Win32.ActiveCfg = Release|Win32
		{4BF56A4C-2A56-4726-9021-9D9A8837D2A9}.Release|Win32.Build.0 = Release|Win32
		{C36C5D4D-77EC-486A-A06B-BA6A5FFD09F9}.Debug|Win32.ActiveCfg = Debug|Win32
		{C36C5D4D-77EC-486A-A06B-BA6A5FFD09F9}.Debug|Win32.Build.0 = Debug|Win32
		{C36C5D4D-77EC-486A-A06B-BA6A5FFD09F9}.Release|Win32.ActiveCfg = Release|Win32
		{C36C5D4D-77EC-486A-A06B-BA6A5FFD09F9}.Release|Win32.Build.0 = Release|Win32
	EndGlobalSection
	GlobalSection(SolutionProperties) = preSolution
		HideSolutionNode = FALSE
	EndGlobalSection
EndGlobal
