
Microsoft Visual Studio Solution File, Format Version 12.00
# Visual Studio 2013
VisualStudioVersion = 12.0.40629.0
MinimumVisualStudioVersion = 10.0.40219.1
Project("{8BC9CEB8-8B4A-11D0-8D11-00A0C91BC942}") = "Controller", "Controller.vcxproj", "{C36C5D4D-77EC-486A-A06B-BA6A5FFD09F9}"
EndProject
Project("{8BC9CEB8-8B4A-11D0-8D11-00A0C91BC942}") = "Common", "..\Common\Common.vcxproj", "{CB6AE3F1-299A-484F-BCB2-FE6D39D7EE73}"
EndProject
Project("{8BC9CEB8-8B4A-11D0-8D11-00A0C91BC942}") = "Framework2017", "..\..\..\Framework2017\Framework2017.vcxproj", "{5EE8C2EE-5877-4647-BB7C-6BC53C390DE4}"
EndProject
Global
	GlobalSection(SolutionConfigurationPlatforms) = preSolution
		Debug|Win32 = Debug|Win32
		Release|Win32 = Release|Win32
	EndGlobalSection
	GlobalSection(ProjectConfigurationPlatforms) = postSolution
		{C36C5D4D-77EC-486A-A06B-BA6A5FFD09F9}.Debug|Win32.ActiveCfg = Debug|Win32
		{C36C5D4D-77EC-486A-A06B-BA6A5FFD09F9}.Debug|Win32.Build.0 = Debug|Win32
		{C36C5D4D-77EC-486A-A06B-BA6A5FFD09F9}.Release|Win32.ActiveCfg = Release|Win32
		{C36C5D4D-77EC-486A-A06B-BA6A5FFD09F9}.Release|Win32.Build.0 = Release|Win32
		{CB6AE3F1-299A-484F-BCB2-FE6D39D7EE73}.Debug|Win32.ActiveCfg = Debug|Win32
		{CB6AE3F1-299A-484F-BCB2-FE6D39D7EE73}.Debug|Win32.Build.0 = Debug|Win32
		{CB6AE3F1-299A-484F-BCB2-FE6D39D7EE73}.Release|Win32.ActiveCfg = Release|Win32
		{CB6AE3F1-299A-484F-BCB2-FE6D39D7EE73}.Release|Win32.Build.0 = Release|Win32
		{5EE8C2EE-5877-4647-BB7C-6BC53C390DE4}.Debug|Win32.ActiveCfg = Debug|Win32
		{5EE8C2EE-5877-4647-BB7C-6BC53C390DE4}.Debug|Win32.Build.0 = Debug|Win32
		{5EE8C2EE-5877-4647-BB7C-6BC53C390DE4}.Release|Win32.ActiveCfg = Release|Win32
		{5EE8C2EE-5877-4647-BB7C-6BC53C390DE4}.Release|Win32.Build.0 = Release|Win32
	EndGlobalSection
	GlobalSection(SolutionProperties) = preSolution
		HideSolutionNode = FALSE
	EndGlobalSection
EndGlobal
